
Microsoft Visual Studio Solution File, Format Version 12.00
# Visual Studio Version 17
VisualStudioVersion = 17.9.34728.123
MinimumVisualStudioVersion = 10.0.40219.1
Project("{FAE04EC0-301F-11D3-BF4B-00C04F79EFBC}") = "PropriedadesEOperacoesDateTime", "PropriedadesEOperacoesDateTime\PropriedadesEOperacoesDateTime.csproj", "{6B6FCF3A-D6F6-47AD-8B93-3D60886D9C88}"
EndProject
Global
	GlobalSection(SolutionConfigurationPlatforms) = preSolution
		Debug|Any CPU = Debug|Any CPU
		Release|Any CPU = Release|Any CPU
	EndGlobalSection
	GlobalSection(ProjectConfigurationPlatforms) = postSolution
		{6B6FCF3A-D6F6-47AD-8B93-3D60886D9C88}.Debug|Any CPU.ActiveCfg = Debug|Any CPU
		{6B6FCF3A-D6F6-47AD-8B93-3D60886D9C88}.Debug|Any CPU.Build.0 = Debug|Any CPU
		{6B6FCF3A-D6F6-47AD-8B93-3D60886D9C88}.Release|Any CPU.ActiveCfg = Release|Any CPU
		{6B6FCF3A-D6F6-47AD-8B93-3D60886D9C88}.Release|Any CPU.Build.0 = Release|Any CPU
	EndGlobalSection
	GlobalSection(SolutionProperties) = preSolution
		HideSolutionNode = FALSE
	EndGlobalSection
	GlobalSection(ExtensibilityGlobals) = postSolution
		SolutionGuid = {D1AB7A7B-F016-410B-B10B-18BB2B08DD08}
	EndGlobalSection
EndGlobal
