
Microsoft Visual Studio Solution File, Format Version 12.00
# Visual Studio Version 17
VisualStudioVersion = 17.9.34728.123
MinimumVisualStudioVersion = 10.0.40219.1
Project("{FAE04EC0-301F-11D3-BF4B-00C04F79EFBC}") = "Generics2", "Generics2\Generics2.csproj", "{F6DC0883-52EB-4B47-A6F8-C3DFA7C3502A}"
EndProject
Global
	GlobalSection(SolutionConfigurationPlatforms) = preSolution
		Debug|Any CPU = Debug|Any CPU
		Release|Any CPU = Release|Any CPU
	EndGlobalSection
	GlobalSection(ProjectConfigurationPlatforms) = postSolution
		{F6DC0883-52EB-4B47-A6F8-C3DFA7C3502A}.Debug|Any CPU.ActiveCfg = Debug|Any CPU
		{F6DC0883-52EB-4B47-A6F8-C3DFA7C3502A}.Debug|Any CPU.Build.0 = Debug|Any CPU
		{F6DC0883-52EB-4B47-A6F8-C3DFA7C3502A}.Release|Any CPU.ActiveCfg = Release|Any CPU
		{F6DC0883-52EB-4B47-A6F8-C3DFA7C3502A}.Release|Any CPU.Build.0 = Release|Any CPU
	EndGlobalSection
	GlobalSection(SolutionProperties) = preSolution
		HideSolutionNode = FALSE
	EndGlobalSection
	GlobalSection(ExtensibilityGlobals) = postSolution
		SolutionGuid = {DAEB89A5-6B9F-4015-9BA5-5E664CD647F1}
	EndGlobalSection
EndGlobal
