
Microsoft Visual Studio Solution File, Format Version 12.00
# Visual Studio Version 17
VisualStudioVersion = 17.9.34728.123
MinimumVisualStudioVersion = 10.0.40219.1
Project("{FAE04EC0-301F-11D3-BF4B-00C04F79EFBC}") = "ExercicioPolimorfismo", "ExercicioPolimorfismo\ExercicioPolimorfismo.csproj", "{823582FD-277C-42CC-B6FD-992A248524EF}"
EndProject
Global
	GlobalSection(SolutionConfigurationPlatforms) = preSolution
		Debug|Any CPU = Debug|Any CPU
		Release|Any CPU = Release|Any CPU
	EndGlobalSection
	GlobalSection(ProjectConfigurationPlatforms) = postSolution
		{823582FD-277C-42CC-B6FD-992A248524EF}.Debug|Any CPU.ActiveCfg = Debug|Any CPU
		{823582FD-277C-42CC-B6FD-992A248524EF}.Debug|Any CPU.Build.0 = Debug|Any CPU
		{823582FD-277C-42CC-B6FD-992A248524EF}.Release|Any CPU.ActiveCfg = Release|Any CPU
		{823582FD-277C-42CC-B6FD-992A248524EF}.Release|Any CPU.Build.0 = Release|Any CPU
	EndGlobalSection
	GlobalSection(SolutionProperties) = preSolution
		HideSolutionNode = FALSE
	EndGlobalSection
	GlobalSection(ExtensibilityGlobals) = postSolution
		SolutionGuid = {471D46D8-D765-4CEF-8D0D-07D8EC270F85}
	EndGlobalSection
EndGlobal
