
Microsoft Visual Studio Solution File, Format Version 12.00
# Visual Studio Version 17
VisualStudioVersion = 17.9.34728.123
MinimumVisualStudioVersion = 10.0.40219.1
Project("{FAE04EC0-301F-11D3-BF4B-00C04F79EFBC}") = "Listas", "Listas\Listas.csproj", "{6CA5A25F-EC80-4603-B70A-A2142F82A72D}"
EndProject
Global
	GlobalSection(SolutionConfigurationPlatforms) = preSolution
		Debug|Any CPU = Debug|Any CPU
		Release|Any CPU = Release|Any CPU
	EndGlobalSection
	GlobalSection(ProjectConfigurationPlatforms) = postSolution
		{6CA5A25F-EC80-4603-B70A-A2142F82A72D}.Debug|Any CPU.ActiveCfg = Debug|Any CPU
		{6CA5A25F-EC80-4603-B70A-A2142F82A72D}.Debug|Any CPU.Build.0 = Debug|Any CPU
		{6CA5A25F-EC80-4603-B70A-A2142F82A72D}.Release|Any CPU.ActiveCfg = Release|Any CPU
		{6CA5A25F-EC80-4603-B70A-A2142F82A72D}.Release|Any CPU.Build.0 = Release|Any CPU
	EndGlobalSection
	GlobalSection(SolutionProperties) = preSolution
		HideSolutionNode = FALSE
	EndGlobalSection
	GlobalSection(ExtensibilityGlobals) = postSolution
		SolutionGuid = {3CB94003-4B01-462C-9EAE-DE2AAA8F18C8}
	EndGlobalSection
EndGlobal
