
Microsoft Visual Studio Solution File, Format Version 12.00
# Visual Studio Version 17
VisualStudioVersion = 17.9.34728.123
MinimumVisualStudioVersion = 10.0.40219.1
Project("{FAE04EC0-301F-11D3-BF4B-00C04F79EFBC}") = "SemInterface", "SemInterface\SemInterface.csproj", "{5DAB68FB-1B17-4238-99CB-8649F7579DB9}"
EndProject
Global
	GlobalSection(SolutionConfigurationPlatforms) = preSolution
		Debug|Any CPU = Debug|Any CPU
		Release|Any CPU = Release|Any CPU
	EndGlobalSection
	GlobalSection(ProjectConfigurationPlatforms) = postSolution
		{5DAB68FB-1B17-4238-99CB-8649F7579DB9}.Debug|Any CPU.ActiveCfg = Debug|Any CPU
		{5DAB68FB-1B17-4238-99CB-8649F7579DB9}.Debug|Any CPU.Build.0 = Debug|Any CPU
		{5DAB68FB-1B17-4238-99CB-8649F7579DB9}.Release|Any CPU.ActiveCfg = Release|Any CPU
		{5DAB68FB-1B17-4238-99CB-8649F7579DB9}.Release|Any CPU.Build.0 = Release|Any CPU
	EndGlobalSection
	GlobalSection(SolutionProperties) = preSolution
		HideSolutionNode = FALSE
	EndGlobalSection
	GlobalSection(ExtensibilityGlobals) = postSolution
		SolutionGuid = {EA6C7E43-94BE-4B25-BE9C-DC4AD9B53526}
	EndGlobalSection
EndGlobal
