
Microsoft Visual Studio Solution File, Format Version 12.00
# Visual Studio Version 17
VisualStudioVersion = 17.9.34728.123
MinimumVisualStudioVersion = 10.0.40219.1
Project("{FAE04EC0-301F-11D3-BF4B-00C04F79EFBC}") = "Funcoes", "Funcoes\Funcoes.csproj", "{9395C6A8-5092-4B34-987D-547FA6DB29D8}"
EndProject
Global
	GlobalSection(SolutionConfigurationPlatforms) = preSolution
		Debug|Any CPU = Debug|Any CPU
		Release|Any CPU = Release|Any CPU
	EndGlobalSection
	GlobalSection(ProjectConfigurationPlatforms) = postSolution
		{9395C6A8-5092-4B34-987D-547FA6DB29D8}.Debug|Any CPU.ActiveCfg = Debug|Any CPU
		{9395C6A8-5092-4B34-987D-547FA6DB29D8}.Debug|Any CPU.Build.0 = Debug|Any CPU
		{9395C6A8-5092-4B34-987D-547FA6DB29D8}.Release|Any CPU.ActiveCfg = Release|Any CPU
		{9395C6A8-5092-4B34-987D-547FA6DB29D8}.Release|Any CPU.Build.0 = Release|Any CPU
	EndGlobalSection
	GlobalSection(SolutionProperties) = preSolution
		HideSolutionNode = FALSE
	EndGlobalSection
	GlobalSection(ExtensibilityGlobals) = postSolution
		SolutionGuid = {B2D95D38-779E-4347-BDFB-C604F9229D83}
	EndGlobalSection
EndGlobal
