
Microsoft Visual Studio Solution File, Format Version 12.00
# Visual Studio Version 17
VisualStudioVersion = 17.9.34728.123
MinimumVisualStudioVersion = 10.0.40219.1
Project("{FAE04EC0-301F-11D3-BF4B-00C04F79EFBC}") = "ExercicioClasseAtributoMetodo02", "ExercicioClasseAtributoMetodo02\ExercicioClasseAtributoMetodo02.csproj", "{1968EF80-7A12-4509-929D-B9831EEA6565}"
EndProject
Global
	GlobalSection(SolutionConfigurationPlatforms) = preSolution
		Debug|Any CPU = Debug|Any CPU
		Release|Any CPU = Release|Any CPU
	EndGlobalSection
	GlobalSection(ProjectConfigurationPlatforms) = postSolution
		{1968EF80-7A12-4509-929D-B9831EEA6565}.Debug|Any CPU.ActiveCfg = Debug|Any CPU
		{1968EF80-7A12-4509-929D-B9831EEA6565}.Debug|Any CPU.Build.0 = Debug|Any CPU
		{1968EF80-7A12-4509-929D-B9831EEA6565}.Release|Any CPU.ActiveCfg = Release|Any CPU
		{1968EF80-7A12-4509-929D-B9831EEA6565}.Release|Any CPU.Build.0 = Release|Any CPU
	EndGlobalSection
	GlobalSection(SolutionProperties) = preSolution
		HideSolutionNode = FALSE
	EndGlobalSection
	GlobalSection(ExtensibilityGlobals) = postSolution
		SolutionGuid = {69ED8E15-FA8E-4D0A-9233-913ABB2A75C7}
	EndGlobalSection
EndGlobal
