
Microsoft Visual Studio Solution File, Format Version 12.00
# Visual Studio Version 17
VisualStudioVersion = 17.9.34728.123
MinimumVisualStudioVersion = 10.0.40219.1
Project("{FAE04EC0-301F-11D3-BF4B-00C04F79EFBC}") = "RestParams", "RestParams\RestParams.csproj", "{94467CF5-6C33-4163-BD0F-B6D8396A879F}"
EndProject
Global
	GlobalSection(SolutionConfigurationPlatforms) = preSolution
		Debug|Any CPU = Debug|Any CPU
		Release|Any CPU = Release|Any CPU
	EndGlobalSection
	GlobalSection(ProjectConfigurationPlatforms) = postSolution
		{94467CF5-6C33-4163-BD0F-B6D8396A879F}.Debug|Any CPU.ActiveCfg = Debug|Any CPU
		{94467CF5-6C33-4163-BD0F-B6D8396A879F}.Debug|Any CPU.Build.0 = Debug|Any CPU
		{94467CF5-6C33-4163-BD0F-B6D8396A879F}.Release|Any CPU.ActiveCfg = Release|Any CPU
		{94467CF5-6C33-4163-BD0F-B6D8396A879F}.Release|Any CPU.Build.0 = Release|Any CPU
	EndGlobalSection
	GlobalSection(SolutionProperties) = preSolution
		HideSolutionNode = FALSE
	EndGlobalSection
	GlobalSection(ExtensibilityGlobals) = postSolution
		SolutionGuid = {7BC9EC6C-6340-4280-8D2E-EF3504F02F88}
	EndGlobalSection
EndGlobal
