
Microsoft Visual Studio Solution File, Format Version 12.00
# Visual Studio Version 17
VisualStudioVersion = 17.9.34728.123
MinimumVisualStudioVersion = 10.0.40219.1
Project("{FAE04EC0-301F-11D3-BF4B-00C04F79EFBC}") = "Sobrecarga", "Sobrecarga\Sobrecarga.csproj", "{7C5CA32F-A170-44B1-A038-E3DFFE37DD20}"
EndProject
Global
	GlobalSection(SolutionConfigurationPlatforms) = preSolution
		Debug|Any CPU = Debug|Any CPU
		Release|Any CPU = Release|Any CPU
	EndGlobalSection
	GlobalSection(ProjectConfigurationPlatforms) = postSolution
		{7C5CA32F-A170-44B1-A038-E3DFFE37DD20}.Debug|Any CPU.ActiveCfg = Debug|Any CPU
		{7C5CA32F-A170-44B1-A038-E3DFFE37DD20}.Debug|Any CPU.Build.0 = Debug|Any CPU
		{7C5CA32F-A170-44B1-A038-E3DFFE37DD20}.Release|Any CPU.ActiveCfg = Release|Any CPU
		{7C5CA32F-A170-44B1-A038-E3DFFE37DD20}.Release|Any CPU.Build.0 = Release|Any CPU
	EndGlobalSection
	GlobalSection(SolutionProperties) = preSolution
		HideSolutionNode = FALSE
	EndGlobalSection
	GlobalSection(ExtensibilityGlobals) = postSolution
		SolutionGuid = {A9096F90-64C8-4C47-98B6-D4EA1D35E1FA}
	EndGlobalSection
EndGlobal
