
Microsoft Visual Studio Solution File, Format Version 12.00
# Visual Studio Version 17
VisualStudioVersion = 17.9.34728.123
MinimumVisualStudioVersion = 10.0.40219.1
Project("{FAE04EC0-301F-11D3-BF4B-00C04F79EFBC}") = "Properties", "Properties\Properties.csproj", "{E7C25330-7225-4EB2-AC88-4ECFD4C2DF6B}"
EndProject
Global
	GlobalSection(SolutionConfigurationPlatforms) = preSolution
		Debug|Any CPU = Debug|Any CPU
		Release|Any CPU = Release|Any CPU
	EndGlobalSection
	GlobalSection(ProjectConfigurationPlatforms) = postSolution
		{E7C25330-7225-4EB2-AC88-4ECFD4C2DF6B}.Debug|Any CPU.ActiveCfg = Debug|Any CPU
		{E7C25330-7225-4EB2-AC88-4ECFD4C2DF6B}.Debug|Any CPU.Build.0 = Debug|Any CPU
		{E7C25330-7225-4EB2-AC88-4ECFD4C2DF6B}.Release|Any CPU.ActiveCfg = Release|Any CPU
		{E7C25330-7225-4EB2-AC88-4ECFD4C2DF6B}.Release|Any CPU.Build.0 = Release|Any CPU
	EndGlobalSection
	GlobalSection(SolutionProperties) = preSolution
		HideSolutionNode = FALSE
	EndGlobalSection
	GlobalSection(ExtensibilityGlobals) = postSolution
		SolutionGuid = {4308B67D-7C20-49AE-9588-D4AB4175E8E6}
	EndGlobalSection
EndGlobal
