
Microsoft Visual Studio Solution File, Format Version 12.00
# Visual Studio Version 17
VisualStudioVersion = 17.9.34728.123
MinimumVisualStudioVersion = 10.0.40219.1
Project("{FAE04EC0-301F-11D3-BF4B-00C04F79EFBC}") = "Predicate", "Predicate\Predicate.csproj", "{3EA438D5-EA7D-4449-9989-95B513A35AB7}"
EndProject
Global
	GlobalSection(SolutionConfigurationPlatforms) = preSolution
		Debug|Any CPU = Debug|Any CPU
		Release|Any CPU = Release|Any CPU
	EndGlobalSection
	GlobalSection(ProjectConfigurationPlatforms) = postSolution
		{3EA438D5-EA7D-4449-9989-95B513A35AB7}.Debug|Any CPU.ActiveCfg = Debug|Any CPU
		{3EA438D5-EA7D-4449-9989-95B513A35AB7}.Debug|Any CPU.Build.0 = Debug|Any CPU
		{3EA438D5-EA7D-4449-9989-95B513A35AB7}.Release|Any CPU.ActiveCfg = Release|Any CPU
		{3EA438D5-EA7D-4449-9989-95B513A35AB7}.Release|Any CPU.Build.0 = Release|Any CPU
	EndGlobalSection
	GlobalSection(SolutionProperties) = preSolution
		HideSolutionNode = FALSE
	EndGlobalSection
	GlobalSection(ExtensibilityGlobals) = postSolution
		SolutionGuid = {A5B96413-92C7-41DB-AAC7-87263EFD99B1}
	EndGlobalSection
EndGlobal
