
Microsoft Visual Studio Solution File, Format Version 12.00
# Visual Studio Version 17
VisualStudioVersion = 17.9.34728.123
MinimumVisualStudioVersion = 10.0.40219.1
Project("{FAE04EC0-301F-11D3-BF4B-00C04F79EFBC}") = "PrimeiroPrograma", "PrimeiroPrograma\PrimeiroPrograma.csproj", "{AFF1F9F3-6AAA-4186-82B7-3701BBD9D024}"
EndProject
Global
	GlobalSection(SolutionConfigurationPlatforms) = preSolution
		Debug|Any CPU = Debug|Any CPU
		Release|Any CPU = Release|Any CPU
	EndGlobalSection
	GlobalSection(ProjectConfigurationPlatforms) = postSolution
		{AFF1F9F3-6AAA-4186-82B7-3701BBD9D024}.Debug|Any CPU.ActiveCfg = Debug|Any CPU
		{AFF1F9F3-6AAA-4186-82B7-3701BBD9D024}.Debug|Any CPU.Build.0 = Debug|Any CPU
		{AFF1F9F3-6AAA-4186-82B7-3701BBD9D024}.Release|Any CPU.ActiveCfg = Release|Any CPU
		{AFF1F9F3-6AAA-4186-82B7-3701BBD9D024}.Release|Any CPU.Build.0 = Release|Any CPU
	EndGlobalSection
	GlobalSection(SolutionProperties) = preSolution
		HideSolutionNode = FALSE
	EndGlobalSection
	GlobalSection(ExtensibilityGlobals) = postSolution
		SolutionGuid = {6A13B088-670D-41BC-95DD-B404162B3766}
	EndGlobalSection
EndGlobal
