
Microsoft Visual Studio Solution File, Format Version 12.00
# Visual Studio Version 17
VisualStudioVersion = 17.9.34728.123
MinimumVisualStudioVersion = 10.0.40219.1
Project("{FAE04EC0-301F-11D3-BF4B-00C04F79EFBC}") = "ExercicioSemOrientacaoObjetos", "ExercicioSemOrientacaoObjetos\ExercicioSemOrientacaoObjetos.csproj", "{FE2A0C0C-26B1-488A-BE45-54B374581214}"
EndProject
Global
	GlobalSection(SolutionConfigurationPlatforms) = preSolution
		Debug|Any CPU = Debug|Any CPU
		Release|Any CPU = Release|Any CPU
	EndGlobalSection
	GlobalSection(ProjectConfigurationPlatforms) = postSolution
		{FE2A0C0C-26B1-488A-BE45-54B374581214}.Debug|Any CPU.ActiveCfg = Debug|Any CPU
		{FE2A0C0C-26B1-488A-BE45-54B374581214}.Debug|Any CPU.Build.0 = Debug|Any CPU
		{FE2A0C0C-26B1-488A-BE45-54B374581214}.Release|Any CPU.ActiveCfg = Release|Any CPU
		{FE2A0C0C-26B1-488A-BE45-54B374581214}.Release|Any CPU.Build.0 = Release|Any CPU
	EndGlobalSection
	GlobalSection(SolutionProperties) = preSolution
		HideSolutionNode = FALSE
	EndGlobalSection
	GlobalSection(ExtensibilityGlobals) = postSolution
		SolutionGuid = {9E6606A3-60A3-4A55-A829-2F6AC3B5718C}
	EndGlobalSection
EndGlobal
