
Microsoft Visual Studio Solution File, Format Version 12.00
# Visual Studio Version 17
VisualStudioVersion = 17.9.34728.123
MinimumVisualStudioVersion = 10.0.40219.1
Project("{FAE04EC0-301F-11D3-BF4B-00C04F79EFBC}") = "ExercicioComOrientacaoObjetos", "ExercicioComOrientacaoObjetos\ExercicioComOrientacaoObjetos.csproj", "{F01CD347-4A56-48EB-8020-8265F9EE6B0F}"
EndProject
Global
	GlobalSection(SolutionConfigurationPlatforms) = preSolution
		Debug|Any CPU = Debug|Any CPU
		Release|Any CPU = Release|Any CPU
	EndGlobalSection
	GlobalSection(ProjectConfigurationPlatforms) = postSolution
		{F01CD347-4A56-48EB-8020-8265F9EE6B0F}.Debug|Any CPU.ActiveCfg = Debug|Any CPU
		{F01CD347-4A56-48EB-8020-8265F9EE6B0F}.Debug|Any CPU.Build.0 = Debug|Any CPU
		{F01CD347-4A56-48EB-8020-8265F9EE6B0F}.Release|Any CPU.ActiveCfg = Release|Any CPU
		{F01CD347-4A56-48EB-8020-8265F9EE6B0F}.Release|Any CPU.Build.0 = Release|Any CPU
	EndGlobalSection
	GlobalSection(SolutionProperties) = preSolution
		HideSolutionNode = FALSE
	EndGlobalSection
	GlobalSection(ExtensibilityGlobals) = postSolution
		SolutionGuid = {66DD55A3-A407-4B59-835D-FC6157A7C202}
	EndGlobalSection
EndGlobal
