
Microsoft Visual Studio Solution File, Format Version 12.00
# Visual Studio Version 17
VisualStudioVersion = 17.9.34728.123
MinimumVisualStudioVersion = 10.0.40219.1
Project("{FAE04EC0-301F-11D3-BF4B-00C04F79EFBC}") = "ExercicioListas", "ExercicioListas\ExercicioListas.csproj", "{06D7A1FC-C4DC-4127-8940-CD21CDB900BD}"
EndProject
Global
	GlobalSection(SolutionConfigurationPlatforms) = preSolution
		Debug|Any CPU = Debug|Any CPU
		Release|Any CPU = Release|Any CPU
	EndGlobalSection
	GlobalSection(ProjectConfigurationPlatforms) = postSolution
		{06D7A1FC-C4DC-4127-8940-CD21CDB900BD}.Debug|Any CPU.ActiveCfg = Debug|Any CPU
		{06D7A1FC-C4DC-4127-8940-CD21CDB900BD}.Debug|Any CPU.Build.0 = Debug|Any CPU
		{06D7A1FC-C4DC-4127-8940-CD21CDB900BD}.Release|Any CPU.ActiveCfg = Release|Any CPU
		{06D7A1FC-C4DC-4127-8940-CD21CDB900BD}.Release|Any CPU.Build.0 = Release|Any CPU
	EndGlobalSection
	GlobalSection(SolutionProperties) = preSolution
		HideSolutionNode = FALSE
	EndGlobalSection
	GlobalSection(ExtensibilityGlobals) = postSolution
		SolutionGuid = {8B1EDC9B-7CCD-4AE7-8E10-F206D5C1611F}
	EndGlobalSection
EndGlobal
