
Microsoft Visual Studio Solution File, Format Version 12.00
# Visual Studio Version 17
VisualStudioVersion = 17.9.34728.123
MinimumVisualStudioVersion = 10.0.40219.1
Project("{FAE04EC0-301F-11D3-BF4B-00C04F79EFBC}") = "ExerciciosMembrosEstaticos", "ExerciciosMembrosEstaticos\ExerciciosMembrosEstaticos.csproj", "{2E9CD0A0-5937-4194-838F-9505D7245B39}"
EndProject
Global
	GlobalSection(SolutionConfigurationPlatforms) = preSolution
		Debug|Any CPU = Debug|Any CPU
		Release|Any CPU = Release|Any CPU
	EndGlobalSection
	GlobalSection(ProjectConfigurationPlatforms) = postSolution
		{2E9CD0A0-5937-4194-838F-9505D7245B39}.Debug|Any CPU.ActiveCfg = Debug|Any CPU
		{2E9CD0A0-5937-4194-838F-9505D7245B39}.Debug|Any CPU.Build.0 = Debug|Any CPU
		{2E9CD0A0-5937-4194-838F-9505D7245B39}.Release|Any CPU.ActiveCfg = Release|Any CPU
		{2E9CD0A0-5937-4194-838F-9505D7245B39}.Release|Any CPU.Build.0 = Release|Any CPU
	EndGlobalSection
	GlobalSection(SolutionProperties) = preSolution
		HideSolutionNode = FALSE
	EndGlobalSection
	GlobalSection(ExtensibilityGlobals) = postSolution
		SolutionGuid = {79772FBD-63C5-403F-8E57-902C970B94A6}
	EndGlobalSection
EndGlobal
