
Microsoft Visual Studio Solution File, Format Version 12.00
# Visual Studio Version 17
VisualStudioVersion = 17.9.34728.123
MinimumVisualStudioVersion = 10.0.40219.1
Project("{FAE04EC0-301F-11D3-BF4B-00C04F79EFBC}") = "InterfaceIComparable", "InterfaceIComparable\InterfaceIComparable.csproj", "{55B271F7-3721-4429-8233-4A17223FD992}"
EndProject
Global
	GlobalSection(SolutionConfigurationPlatforms) = preSolution
		Debug|Any CPU = Debug|Any CPU
		Release|Any CPU = Release|Any CPU
	EndGlobalSection
	GlobalSection(ProjectConfigurationPlatforms) = postSolution
		{55B271F7-3721-4429-8233-4A17223FD992}.Debug|Any CPU.ActiveCfg = Debug|Any CPU
		{55B271F7-3721-4429-8233-4A17223FD992}.Debug|Any CPU.Build.0 = Debug|Any CPU
		{55B271F7-3721-4429-8233-4A17223FD992}.Release|Any CPU.ActiveCfg = Release|Any CPU
		{55B271F7-3721-4429-8233-4A17223FD992}.Release|Any CPU.Build.0 = Release|Any CPU
	EndGlobalSection
	GlobalSection(SolutionProperties) = preSolution
		HideSolutionNode = FALSE
	EndGlobalSection
	GlobalSection(ExtensibilityGlobals) = postSolution
		SolutionGuid = {94823D79-D479-4301-B3CA-2C24CE09F359}
	EndGlobalSection
EndGlobal
